// !$*UTF8*$!
{
	archiveVersion = 1;
	classes = {
	};
	objectVersion = 46;
	objects = {

/* Begin PBXBuildFile section */
		68D6086E1AA67DCE008EC4DA /* AppDelegate.swift in Sources */ = {isa = PBXBuildFile; fileRef = 68D6086D1AA67DCE008EC4DA /* AppDelegate.swift */; };
		68D608701AA67DCE008EC4DA /* ViewController.swift in Sources */ = {isa = PBXBuildFile; fileRef = 68D6086F1AA67DCE008EC4DA /* ViewController.swift */; };
		68D608731AA67DCE008EC4DA /* Main.storyboard in Resources */ = {isa = PBXBuildFile; fileRef = 68D608711AA67DCE008EC4DA /* Main.storyboard */; };
		68D608751AA67DCE008EC4DA /* Images.xcassets in Resources */ = {isa = PBXBuildFile; fileRef = 68D608741AA67DCE008EC4DA /* Images.xcassets */; };
		68D608781AA67DCE008EC4DA /* LaunchScreen.xib in Resources */ = {isa = PBXBuildFile; fileRef = 68D608761AA67DCE008EC4DA /* LaunchScreen.xib */; };
		68D608841AA67DCE008EC4DA /* PostcardTests.swift in Sources */ = {isa = PBXBuildFile; fileRef = 68D608831AA67DCE008EC4DA /* PostcardTests.swift */; };
		68D6088E1AA6852C008EC4DA /* SagradaFamilia.jpeg in Resources */ = {isa = PBXBuildFile; fileRef = 68D6088D1AA6852C008EC4DA /* SagradaFamilia.jpeg */; };
		68D608901AA7A384008EC4DA /* AlbertEinsteinStamp.jpg in Resources */ = {isa = PBXBuildFile; fileRef = 68D6088F1AA7A384008EC4DA /* AlbertEinsteinStamp.jpg */; };
/* End PBXBuildFile section */

/* Begin PBXContainerItemProxy section */
		68D6087E1AA67DCE008EC4DA /* PBXContainerItemProxy */ = {
			isa = PBXContainerItemProxy;
			containerPortal = 68D608601AA67DCE008EC4DA /* Project object */;
			proxyType = 1;
			remoteGlobalIDString = 68D608671AA67DCE008EC4DA;
			remoteInfo = Postcard;
		};
/* End PBXContainerItemProxy section */

/* Begin PBXFileReference section */
		68D608681AA67DCE008EC4DA /* Postcard.app */ = {isa = PBXFileReference; explicitFileType = wrapper.application; includeInIndex = 0; path = Postcard.app; sourceTree = BUILT_PRODUCTS_DIR; };
		68D6086C1AA67DCE008EC4DA /* Info.plist */ = {isa = PBXFileReference; lastKnownFileType = text.plist.xml; path = Info.plist; sourceTree = "<group>"; };
		68D6086D1AA67DCE008EC4DA /* AppDelegate.swift */ = {isa = PBXFileReference; lastKnownFileType = sourcecode.swift; path = AppDelegate.swift; sourceTree = "<group>"; };
		68D6086F1AA67DCE008EC4DA /* ViewController.swift */ = {isa = PBXFileReference; lastKnownFileType = sourcecode.swift; path = ViewController.swift; sourceTree = "<group>"; };
		68D608721AA67DCE008EC4DA /* Base */ = {isa = PBXFileReference; lastKnownFileType = file.storyboard; name = Base; path = Base.lproj/Main.storyboard; sourceTree = "<group>"; };
		68D608741AA67DCE008EC4DA /* Images.xcassets */ = {isa = PBXFileReference; lastKnownFileType = folder.assetcatalog; path = Images.xcassets; sourceTree = "<group>"; };
		68D608771AA67DCE008EC4DA /* Base */ = {isa = PBXFileReference; lastKnownFileType = file.xib; name = Base; path = Base.lproj/LaunchScreen.xib; sourceTree = "<group>"; };
		68D6087D1AA67DCE008EC4DA /* PostcardTests.xctest */ = {isa = PBXFileReference; explicitFileType = wrapper.cfbundle; includeInIndex = 0; path = PostcardTests.xctest; sourceTree = BUILT_PRODUCTS_DIR; };
		68D608821AA67DCE008EC4DA /* Info.plist */ = {isa = PBXFileReference; lastKnownFileType = text.plist.xml; path = Info.plist; sourceTree = "<group>"; };
		68D608831AA67DCE008EC4DA /* PostcardTests.swift */ = {isa = PBXFileReference; lastKnownFileType = sourcecode.swift; path = PostcardTests.swift; sourceTree = "<group>"; };
		68D6088D1AA6852C008EC4DA /* SagradaFamilia.jpeg */ = {isa = PBXFileReference; lastKnownFileType = image.jpeg; path = SagradaFamilia.jpeg; sourceTree = "<group>"; };
		68D6088F1AA7A384008EC4DA /* AlbertEinsteinStamp.jpg */ = {isa = PBXFileReference; lastKnownFileType = image.jpeg; path = AlbertEinsteinStamp.jpg; sourceTree = "<group>"; };
/* End PBXFileReference section */

/* Begin PBXFrameworksBuildPhase section */
		68D608651AA67DCE008EC4DA /* Frameworks */ = {
			isa = PBXFrameworksBuildPhase;
			buildActionMask = 2147483647;
			files = (
			);
			runOnlyForDeploymentPostprocessing = 0;
		};
		68D6087A1AA67DCE008EC4DA /* Frameworks */ = {
			isa = PBXFrameworksBuildPhase;
			buildActionMask = 2147483647;
			files = (
			);
			runOnlyForDeploymentPostprocessing = 0;
		};
/* End PBXFrameworksBuildPhase section */

/* Begin PBXGroup section */
		68D6085F1AA67DCE008EC4DA = {
			isa = PBXGroup;
			children = (
				68D6086A1AA67DCE008EC4DA /* Postcard */,
				68D608801AA67DCE008EC4DA /* PostcardTests */,
				68D608691AA67DCE008EC4DA /* Products */,
			);
			sourceTree = "<group>";
		};
		68D608691AA67DCE008EC4DA /* Products */ = {
			isa = PBXGroup;
			children = (
				68D608681AA67DCE008EC4DA /* Postcard.app */,
				68D6087D1AA67DCE008EC4DA /* PostcardTests.xctest */,
			);
			name = Products;
			sourceTree = "<group>";
		};
		68D6086A1AA67DCE008EC4DA /* Postcard */ = {
			isa = PBXGroup;
			children = (
				68D6086D1AA67DCE008EC4DA /* AppDelegate.swift */,
				68D6086F1AA67DCE008EC4DA /* ViewController.swift */,
				68D608711AA67DCE008EC4DA /* Main.storyboard */,
				68D608741AA67DCE008EC4DA /* Images.xcassets */,
				68D608761AA67DCE008EC4DA /* LaunchScreen.xib */,
				68D6086B1AA67DCE008EC4DA /* Supporting Files */,
			);
			path = Postcard;
			sourceTree = "<group>";
		};
		68D6086B1AA67DCE008EC4DA /* Supporting Files */ = {
			isa = PBXGroup;
			children = (
				68D6088F1AA7A384008EC4DA /* AlbertEinsteinStamp.jpg */,
				68D6088D1AA6852C008EC4DA /* SagradaFamilia.jpeg */,
				68D6086C1AA67DCE008EC4DA /* Info.plist */,
			);
			name = "Supporting Files";
			sourceTree = "<group>";
		};
		68D608801AA67DCE008EC4DA /* PostcardTests */ = {
			isa = PBXGroup;
			children = (
				68D608831AA67DCE008EC4DA /* PostcardTests.swift */,
				68D608811AA67DCE008EC4DA /* Supporting Files */,
			);
			path = PostcardTests;
			sourceTree = "<group>";
		};
		68D608811AA67DCE008EC4DA /* Supporting Files */ = {
			isa = PBXGroup;
			children = (
				68D608821AA67DCE008EC4DA /* Info.plist */,
			);
			name = "Supporting Files";
			sourceTree = "<group>";
		};
/* End PBXGroup section */

/* Begin PBXNativeTarget section */
		68D608671AA67DCE008EC4DA /* Postcard */ = {
			isa = PBXNativeTarget;
			buildConfigurationList = 68D608871AA67DCE008EC4DA /* Build configuration list for PBXNativeTarget "Postcard" */;
			buildPhases = (
				68D608641AA67DCE008EC4DA /* Sources */,
				68D608651AA67DCE008EC4DA /* Frameworks */,
				68D608661AA67DCE008EC4DA /* Resources */,
			);
			buildRules = (
			);
			dependencies = (
			);
			name = Postcard;
			productName = Postcard;
			productReference = 68D608681AA67DCE008EC4DA /* Postcard.app */;
			productType = "com.apple.product-type.application";
		};
		68D6087C1AA67DCE008EC4DA /* PostcardTests */ = {
			isa = PBXNativeTarget;
			buildConfigurationList = 68D6088A1AA67DCE008EC4DA /* Build configuration list for PBXNativeTarget "PostcardTests" */;
			buildPhases = (
				68D608791AA67DCE008EC4DA /* Sources */,
				68D6087A1AA67DCE008EC4DA /* Frameworks */,
				68D6087B1AA67DCE008EC4DA /* Resources */,
			);
			buildRules = (
			);
			dependencies = (
				68D6087F1AA67DCE008EC4DA /* PBXTargetDependency */,
			);
			name = PostcardTests;
			productName = PostcardTests;
			productReference = 68D6087D1AA67DCE008EC4DA /* PostcardTests.xctest */;
			productType = "com.apple.product-type.bundle.unit-test";
		};
/* End PBXNativeTarget section */

/* Begin PBXProject section */
		68D608601AA67DCE008EC4DA /* Project object */ = {
			isa = PBXProject;
			attributes = {
				LastUpgradeCheck = 0610;
				ORGANIZATIONNAME = xdms;
				TargetAttributes = {
					68D608671AA67DCE008EC4DA = {
						CreatedOnToolsVersion = 6.1;
					};
					68D6087C1AA67DCE008EC4DA = {
						CreatedOnToolsVersion = 6.1;
						TestTargetID = 68D608671AA67DCE008EC4DA;
					};
				};
			};
			buildConfigurationList = 68D608631AA67DCE008EC4DA /* Build configuration list for PBXProject "Postcard" */;
			compatibilityVersion = "Xcode 3.2";
			developmentRegion = English;
			hasScannedForEncodings = 0;
			knownRegions = (
				en,
				Base,
			);
			mainGroup = 68D6085F1AA67DCE008EC4DA;
			productRefGroup = 68D608691AA67DCE008EC4DA /* Products */;
			projectDirPath = "";
			projectRoot = "";
			targets = (
				68D608671AA67DCE008EC4DA /* Postcard */,
				68D6087C1AA67DCE008EC4DA /* PostcardTests */,
			);
		};
/* End PBXProject section */

/* Begin PBXResourcesBuildPhase section */
		68D608661AA67DCE008EC4DA /* Resources */ = {
			isa = PBXResourcesBuildPhase;
			buildActionMask = 2147483647;
			files = (
				68D608731AA67DCE008EC4DA /* Main.storyboard in Resources */,
				68D6088E1AA6852C008EC4DA /* SagradaFamilia.jpeg in Resources */,
				68D608901AA7A384008EC4DA /* AlbertEinsteinStamp.jpg in Resources */,
				68D608781AA67DCE008EC4DA /* LaunchScreen.xib in Resources */,
				68D608751AA67DCE008EC4DA /* Images.xcassets in Resources */,
			);
			runOnlyForDeploymentPostprocessing = 0;
		};
		68D6087B1AA67DCE008EC4DA /* Resources */ = {
			isa = PBXResourcesBuildPhase;
			buildActionMask = 2147483647;
			files = (
			);
			runOnlyForDeploymentPostprocessing = 0;
		};
/* End PBXResourcesBuildPhase section */

/* Begin PBXSourcesBuildPhase section */
		68D608641AA67DCE008EC4DA /* Sources */ = {
			isa = PBXSourcesBuildPhase;
			buildActionMask = 2147483647;
			files = (
				68D608701AA67DCE008EC4DA /* ViewController.swift in Sources */,
				68D6086E1AA67DCE008EC4DA /* AppDelegate.swift in Sources */,
			);
			runOnlyForDeploymentPostprocessing = 0;
		};
		68D608791AA67DCE008EC4DA /* Sources */ = {
			isa = PBXSourcesBuildPhase;
			buildActionMask = 2147483647;
			files = (
				68D608841AA67DCE008EC4DA /* PostcardTests.swift in Sources */,
			);
			runOnlyForDeploymentPostprocessing = 0;
		};
/* End PBXSourcesBuildPhase section */

/* Begin PBXTargetDependency section */
		68D6087F1AA67DCE008EC4DA /* PBXTargetDependency */ = {
			isa = PBXTargetDependency;
			target = 68D608671AA67DCE008EC4DA /* Postcard */;
			targetProxy = 68D6087E1AA67DCE008EC4DA /* PBXContainerItemProxy */;
		};
/* End PBXTargetDependency section */

/* Begin PBXVariantGroup section */
		68D608711AA67DCE008EC4DA /* Main.storyboard */ = {
			isa = PBXVariantGroup;
			children = (
				68D608721AA67DCE008EC4DA /* Base */,
			);
			name = Main.storyboard;
			sourceTree = "<group>";
		};
		68D608761AA67DCE008EC4DA /* LaunchScreen.xib */ = {
			isa = PBXVariantGroup;
			children = (
				68D608771AA67DCE008EC4DA /* Base */,
			);
			name = LaunchScreen.xib;
			sourceTree = "<group>";
		};
/* End PBXVariantGroup section */

/* Begin XCBuildConfiguration section */
		68D608851AA67DCE008EC4DA /* Debug */ = {
			isa = XCBuildConfiguration;
			buildSettings = {
				ALWAYS_SEARCH_USER_PATHS = NO;
				CLANG_CXX_LANGUAGE_STANDARD = "gnu++0x";
				CLANG_CXX_LIBRARY = "libc++";
				CLANG_ENABLE_MODULES = YES;
				CLANG_ENABLE_OBJC_ARC = YES;
				CLANG_WARN_BOOL_CONVERSION = YES;
				CLANG_WARN_CONSTANT_CONVERSION = YES;
				CLANG_WARN_DIRECT_OBJC_ISA_USAGE = YES_ERROR;
				CLANG_WARN_EMPTY_BODY = YES;
				CLANG_WARN_ENUM_CONVERSION = YES;
				CLANG_WARN_INT_CONVERSION = YES;
				CLANG_WARN_OBJC_ROOT_CLASS = YES_ERROR;
				CLANG_WARN_UNREACHABLE_CODE = YES;
				CLANG_WARN__DUPLICATE_METHOD_MATCH = YES;
				"CODE_SIGN_IDENTITY[sdk=iphoneos*]" = "iPhone Developer";
				COPY_PHASE_STRIP = NO;
				ENABLE_STRICT_OBJC_MSGSEND = YES;
				GCC_C_LANGUAGE_STANDARD = gnu99;
				GCC_DYNAMIC_NO_PIC = NO;
				GCC_OPTIMIZATION_LEVEL = 0;
				GCC_PREPROCESSOR_DEFINITIONS = (
					"DEBUG=1",
					"$(inherited)",
				);
				GCC_SYMBOLS_PRIVATE_EXTERN = NO;
				GCC_WARN_64_TO_32_BIT_CONVERSION = YES;
				GCC_WARN_ABOUT_RETURN_TYPE = YES_ERROR;
				GCC_WARN_UNDECLARED_SELECTOR = YES;
				GCC_WARN_UNINITIALIZED_AUTOS = YES_AGGRESSIVE;
				GCC_WARN_UNUSED_FUNCTION = YES;
				GCC_WARN_UNUSED_VARIABLE = YES;
				IPHONEOS_DEPLOYMENT_TARGET = 8.1;
				MTL_ENABLE_DEBUG_INFO = YES;
				ONLY_ACTIVE_ARCH = YES;
				SDKROOT = iphoneos;
				SWIFT_OPTIMIZATION_LEVEL = "-Onone";
				TARGETED_DEVICE_FAMILY = "1,2";
			};
			name = Debug;
		};
		68D608861AA67DCE008EC4DA /* Release */ = {
			isa = XCBuildConfiguration;
			buildSettings = {
				ALWAYS_SEARCH_USER_PATHS = NO;
				CLANG_CXX_LANGUAGE_STANDARD = "gnu++0x";
				CLANG_CXX_LIBRARY = "libc++";
				CLANG_ENABLE_MODULES = YES;
				CLANG_ENABLE_OBJC_ARC = YES;
				CLANG_WARN_BOOL_CONVERSION = YES;
				CLANG_WARN_CONSTANT_CONVERSION = YES;
				CLANG_WARN_DIRECT_OBJC_ISA_USAGE = YES_ERROR;
				CLANG_WARN_EMPTY_BODY = YES;
				CLANG_WARN_ENUM_CONVERSION = YES;
				CLANG_WARN_INT_CONVERSION = YES;
				CLANG_WARN_OBJC_ROOT_CLASS = YES_ERROR;
				CLANG_WARN_UNREACHABLE_CODE = YES;
				CLANG_WARN__DUPLICATE_METHOD_MATCH = YES;
				"CODE_SIGN_IDENTITY[sdk=iphoneos*]" = "iPhone Developer";
				COPY_PHASE_STRIP = YES;
				ENABLE_NS_ASSERTIONS = NO;
				ENABLE_STRICT_OBJC_MSGSEND = YES;
				GCC_C_LANGUAGE_STANDARD = gnu99;
				GCC_WARN_64_TO_32_BIT_CONVERSION = YES;
				GCC_WARN_ABOUT_RETURN_TYPE = YES_ERROR;
				GCC_WARN_UNDECLARED_SELECTOR = YES;
				GCC_WARN_UNINITIALIZED_AUTOS = YES_AGGRESSIVE;
				GCC_WARN_UNUSED_FUNCTION = YES;
				GCC_WARN_UNUSED_VARIABLE = YES;
				IPHONEOS_DEPLOYMENT_TARGET = 8.1;
				MTL_ENABLE_DEBUG_INFO = NO;
				SDKROOT = iphoneos;
				TARGETED_DEVICE_FAMILY = "1,2";
				VALIDATE_PRODUCT = YES;
			};
			name = Release;
		};
		68D608881AA67DCE008EC4DA /* Debug */ = {
			isa = XCBuildConfiguration;
			buildSettings = {
				ASSETCATALOG_COMPILER_APPICON_NAME = AppIcon;
				INFOPLIST_FILE = Postcard/Info.plist;
				LD_RUNPATH_SEARCH_PATHS = "$(inherited) @executable_path/Frameworks";
				PRODUCT_NAME = "$(TARGET_NAME)";
			};
			name = Debug;
		};
		68D608891AA67DCE008EC4DA /* Release */ = {
			isa = XCBuildConfiguration;
			buildSettings = {
				ASSETCATALOG_COMPILER_APPICON_NAME = AppIcon;
				INFOPLIST_FILE = Postcard/Info.plist;
				LD_RUNPATH_SEARCH_PATHS = "$(inherited) @executable_path/Frameworks";
				PRODUCT_NAME = "$(TARGET_NAME)";
			};
			name = Release;
		};
		68D6088B1AA67DCE008EC4DA /* Debug */ = {
			isa = XCBuildConfiguration;
			buildSettings = {
				BUNDLE_LOADER = "$(TEST_HOST)";
				FRAMEWORK_SEARCH_PATHS = (
					"$(SDKROOT)/Developer/Library/Frameworks",
					"$(inherited)",
				);
				GCC_PREPROCESSOR_DEFINITIONS = (
					"DEBUG=1",
					"$(inherited)",
				);
				INFOPLIST_FILE = PostcardTests/Info.plist;
				LD_RUNPATH_SEARCH_PATHS = "$(inherited) @executable_path/Frameworks @loader_path/Frameworks";
				PRODUCT_NAME = "$(TARGET_NAME)";
				TEST_HOST = "$(BUILT_PRODUCTS_DIR)/Postcard.app/Postcard";
			};
			name = Debug;
		};
		68D6088C1AA67DCE008EC4DA /* Release */ = {
			isa = XCBuildConfiguration;
			buildSettings = {
				BUNDLE_LOADER = "$(TEST_HOST)";
				FRAMEWORK_SEARCH_PATHS = (
					"$(SDKROOT)/Developer/Library/Frameworks",
					"$(inherited)",
				);
				INFOPLIST_FILE = PostcardTests/Info.plist;
				LD_RUNPATH_SEARCH_PATHS = "$(inherited) @executable_path/Frameworks @loader_path/Frameworks";
				PRODUCT_NAME = "$(TARGET_NAME)";
				TEST_HOST = "$(BUILT_PRODUCTS_DIR)/Postcard.app/Postcard";
			};
			name = Release;
		};
/* End XCBuildConfiguration section */

/* Begin XCConfigurationList section */
		68D608631AA67DCE008EC4DA /* Build configuration list for PBXProject "Postcard" */ = {
			isa = XCConfigurationList;
			buildConfigurations = (
				68D608851AA67DCE008EC4DA /* Debug */,
				68D608861AA67DCE008EC4DA /* Release */,
			);
			defaultConfigurationIsVisible = 0;
			defaultConfigurationName = Release;
		};
		68D608871AA67DCE008EC4DA /* Build configuration list for PBXNativeTarget "Postcard" */ = {
			isa = XCConfigurationList;
			buildConfigurations = (
				68D608881AA67DCE008EC4DA /* Debug */,
				68D608891AA67DCE008EC4DA /* Release */,
			);
			defaultConfigurationIsVisible = 0;
		};
		68D6088A1AA67DCE008EC4DA /* Build configuration list for PBXNativeTarget "PostcardTests" */ = {
			isa = XCConfigurationList;
			buildConfigurations = (
				68D6088B1AA67DCE008EC4DA /* Debug */,
				68D6088C1AA67DCE008EC4DA /* Release */,
			);
			defaultConfigurationIsVisible = 0;
		};
/* End XCConfigurationList section */
	};
	rootObject = 68D608601AA67DCE008EC4DA /* Project object */;
}
